
Microsoft Visual Studio Solution File, Format Version 12.00
# Visual Studio Version 16
VisualStudioVersion = 16.0.29230.47
MinimumVisualStudioVersion = 10.0.40219.1
Project("{FAE04EC0-301F-11D3-BF4B-00C04F79EFBC}") = "RefVsValue", "RefVsValue\RefVsValue.csproj", "{07F7A702-DB6B-4AE9-A81B-0457EEEF82E3}"
EndProject
Project("{FAE04EC0-301F-11D3-BF4B-00C04F79EFBC}") = "RefVsValue.Tests", "RefVsValue.Tests\RefVsValue.Tests.csproj", "{5EBD82CB-048E-44AB-B7C7-23329B5E1A94}"
EndProject
Global
	GlobalSection(SolutionConfigurationPlatforms) = preSolution
		Debug|Any CPU = Debug|Any CPU
		Release|Any CPU = Release|Any CPU
	EndGlobalSection
	GlobalSection(ProjectConfigurationPlatforms) = postSolution
		{07F7A702-DB6B-4AE9-A81B-0457EEEF82E3}.Debug|Any CPU.ActiveCfg = Debug|Any CPU
		{07F7A702-DB6B-4AE9-A81B-0457EEEF82E3}.Debug|Any CPU.Build.0 = Debug|Any CPU
		{07F7A702-DB6B-4AE9-A81B-0457EEEF82E3}.Release|Any CPU.ActiveCfg = Release|Any CPU
		{07F7A702-DB6B-4AE9-A81B-0457EEEF82E3}.Release|Any CPU.Build.0 = Release|Any CPU
		{5EBD82CB-048E-44AB-B7C7-23329B5E1A94}.Debug|Any CPU.ActiveCfg = Debug|Any CPU
		{5EBD82CB-048E-44AB-B7C7-23329B5E1A94}.Debug|Any CPU.Build.0 = Debug|Any CPU
		{5EBD82CB-048E-44AB-B7C7-23329B5E1A94}.Release|Any CPU.ActiveCfg = Release|Any CPU
		{5EBD82CB-048E-44AB-B7C7-23329B5E1A94}.Release|Any CPU.Build.0 = Release|Any CPU
	EndGlobalSection
	GlobalSection(SolutionProperties) = preSolution
		HideSolutionNode = FALSE
	EndGlobalSection
	GlobalSection(ExtensibilityGlobals) = postSolution
		SolutionGuid = {AF9A8E32-2826-43A1-B67C-DB85597E8D28}
	EndGlobalSection
EndGlobal
