
Microsoft Visual Studio Solution File, Format Version 12.00
# Visual Studio 15
VisualStudioVersion = 15.0.28010.2026
MinimumVisualStudioVersion = 10.0.40219.1
Project("{FAE04EC0-301F-11D3-BF4B-00C04F79EFBC}") = "HelloWorldXamarinForms.Android", "HelloWorldXamarinForms\HelloWorldXamarinForms.Android\HelloWorldXamarinForms.Android.csproj", "{A551F94F-423C-4223-9232-14916EEBA09B}"
EndProject
Project("{FAE04EC0-301F-11D3-BF4B-00C04F79EFBC}") = "HelloWorldXamarinForms.iOS", "HelloWorldXamarinForms\HelloWorldXamarinForms.iOS\HelloWorldXamarinForms.iOS.csproj", "{B4FFBA2F-4241-4714-88BC-AF61B0981E39}"
EndProject
Project("{FAE04EC0-301F-11D3-BF4B-00C04F79EFBC}") = "HelloWorldXamarinForms.UWP", "HelloWorldXamarinForms\HelloWorldXamarinForms.UWP\HelloWorldXamarinForms.UWP.csproj", "{30CC6C57-6E25-423D-8181-DBDB704F1390}"
EndProject
Project("{FAE04EC0-301F-11D3-BF4B-00C04F79EFBC}") = "HelloWorldXamarinForms", "HelloWorldXamarinForms\HelloWorldXamarinForms\HelloWorldXamarinForms.csproj", "{46AF7E15-4F5E-4CF2-AAEB-79023B427DB0}"
EndProject
Global
	GlobalSection(SolutionConfigurationPlatforms) = preSolution
		Ad-Hoc|Any CPU = Ad-Hoc|Any CPU
		Ad-Hoc|ARM = Ad-Hoc|ARM
		Ad-Hoc|iPhone = Ad-Hoc|iPhone
		Ad-Hoc|iPhoneSimulator = Ad-Hoc|iPhoneSimulator
		Ad-Hoc|x64 = Ad-Hoc|x64
		Ad-Hoc|x86 = Ad-Hoc|x86
		AppStore|Any CPU = AppStore|Any CPU
		AppStore|ARM = AppStore|ARM
		AppStore|iPhone = AppStore|iPhone
		AppStore|iPhoneSimulator = AppStore|iPhoneSimulator
		AppStore|x64 = AppStore|x64
		AppStore|x86 = AppStore|x86
		Debug|Any CPU = Debug|Any CPU
		Debug|ARM = Debug|ARM
		Debug|iPhone = Debug|iPhone
		Debug|iPhoneSimulator = Debug|iPhoneSimulator
		Debug|x64 = Debug|x64
		Debug|x86 = Debug|x86
		Release|Any CPU = Release|Any CPU
		Release|ARM = Release|ARM
		Release|iPhone = Release|iPhone
		Release|iPhoneSimulator = Release|iPhoneSimulator
		Release|x64 = Release|x64
		Release|x86 = Release|x86
	EndGlobalSection
	GlobalSection(ProjectConfigurationPlatforms) = postSolution
		{A551F94F-423C-4223-9232-14916EEBA09B}.Ad-Hoc|Any CPU.ActiveCfg = Release|Any CPU
		{A551F94F-423C-4223-9232-14916EEBA09B}.Ad-Hoc|Any CPU.Build.0 = Release|Any CPU
		{A551F94F-423C-4223-9232-14916EEBA09B}.Ad-Hoc|Any CPU.Deploy.0 = Release|Any CPU
		{A551F94F-423C-4223-9232-14916EEBA09B}.Ad-Hoc|ARM.ActiveCfg = Release|Any CPU
		{A551F94F-423C-4223-9232-14916EEBA09B}.Ad-Hoc|ARM.Build.0 = Release|Any CPU
		{A551F94F-423C-4223-9232-14916EEBA09B}.Ad-Hoc|ARM.Deploy.0 = Release|Any CPU
		{A551F94F-423C-4223-9232-14916EEBA09B}.Ad-Hoc|iPhone.ActiveCfg = Release|Any CPU
		{A551F94F-423C-4223-9232-14916EEBA09B}.Ad-Hoc|iPhone.Build.0 = Release|Any CPU
		{A551F94F-423C-4223-9232-14916EEBA09B}.Ad-Hoc|iPhone.Deploy.0 = Release|Any CPU
		{A551F94F-423C-4223-9232-14916EEBA09B}.Ad-Hoc|iPhoneSimulator.ActiveCfg = Release|Any CPU
		{A551F94F-423C-4223-9232-14916EEBA09B}.Ad-Hoc|iPhoneSimulator.Build.0 = Release|Any CPU
		{A551F94F-423C-4223-9232-14916EEBA09B}.Ad-Hoc|iPhoneSimulator.Deploy.0 = Release|Any CPU
		{A551F94F-423C-4223-9232-14916EEBA09B}.Ad-Hoc|x64.ActiveCfg = Release|Any CPU
		{A551F94F-423C-4223-9232-14916EEBA09B}.Ad-Hoc|x64.Build.0 = Release|Any CPU
		{A551F94F-423C-4223-9232-14916EEBA09B}.Ad-Hoc|x64.Deploy.0 = Release|Any CPU
		{A551F94F-423C-4223-9232-14916EEBA09B}.Ad-Hoc|x86.ActiveCfg = Release|Any CPU
		{A551F94F-423C-4223-9232-14916EEBA09B}.Ad-Hoc|x86.Build.0 = Release|Any CPU
		{A551F94F-423C-4223-9232-14916EEBA09B}.Ad-Hoc|x86.Deploy.0 = Release|Any CPU
		{A551F94F-423C-4223-9232-14916EEBA09B}.AppStore|Any CPU.ActiveCfg = Release|Any CPU
		{A551F94F-423C-4223-9232-14916EEBA09B}.AppStore|Any CPU.Build.0 = Release|Any CPU
		{A551F94F-423C-4223-9232-14916EEBA09B}.AppStore|Any CPU.Deploy.0 = Release|Any CPU
		{A551F94F-423C-4223-9232-14916EEBA09B}.AppStore|ARM.ActiveCfg = Release|Any CPU
		{A551F94F-423C-4223-9232-14916EEBA09B}.AppStore|ARM.Build.0 = Release|Any CPU
		{A551F94F-423C-4223-9232-14916EEBA09B}.AppStore|ARM.Deploy.0 = Release|Any CPU
		{A551F94F-423C-4223-9232-14916EEBA09B}.AppStore|iPhone.ActiveCfg = Release|Any CPU
		{A551F94F-423C-4223-9232-14916EEBA09B}.AppStore|iPhone.Build.0 = Release|Any CPU
		{A551F94F-423C-4223-9232-14916EEBA09B}.AppStore|iPhone.Deploy.0 = Release|Any CPU
		{A551F94F-423C-4223-9232-14916EEBA09B}.AppStore|iPhoneSimulator.ActiveCfg = Release|Any CPU
		{A551F94F-423C-4223-9232-14916EEBA09B}.AppStore|iPhoneSimulator.Build.0 = Release|Any CPU
		{A551F94F-423C-4223-9232-14916EEBA09B}.AppStore|iPhoneSimulator.Deploy.0 = Release|Any CPU
		{A551F94F-423C-4223-9232-14916EEBA09B}.AppStore|x64.ActiveCfg = Release|Any CPU
		{A551F94F-423C-4223-9232-14916EEBA09B}.AppStore|x64.Build.0 = Release|Any CPU
		{A551F94F-423C-4223-9232-14916EEBA09B}.AppStore|x64.Deploy.0 = Release|Any CPU
		{A551F94F-423C-4223-9232-14916EEBA09B}.AppStore|x86.ActiveCfg = Release|Any CPU
		{A551F94F-423C-4223-9232-14916EEBA09B}.AppStore|x86.Build.0 = Release|Any CPU
		{A551F94F-423C-4223-9232-14916EEBA09B}.AppStore|x86.Deploy.0 = Release|Any CPU
		{A551F94F-423C-4223-9232-14916EEBA09B}.Debug|Any CPU.ActiveCfg = Debug|Any CPU
		{A551F94F-423C-4223-9232-14916EEBA09B}.Debug|Any CPU.Build.0 = Debug|Any CPU
		{A551F94F-423C-4223-9232-14916EEBA09B}.Debug|Any CPU.Deploy.0 = Debug|Any CPU
		{A551F94F-423C-4223-9232-14916EEBA09B}.Debug|ARM.ActiveCfg = Debug|Any CPU
		{A551F94F-423C-4223-9232-14916EEBA09B}.Debug|ARM.Build.0 = Debug|Any CPU
		{A551F94F-423C-4223-9232-14916EEBA09B}.Debug|ARM.Deploy.0 = Debug|Any CPU
		{A551F94F-423C-4223-9232-14916EEBA09B}.Debug|iPhone.ActiveCfg = Debug|Any CPU
		{A551F94F-423C-4223-9232-14916EEBA09B}.Debug|iPhone.Build.0 = Debug|Any CPU
		{A551F94F-423C-4223-9232-14916EEBA09B}.Debug|iPhone.Deploy.0 = Debug|Any CPU
		{A551F94F-423C-4223-9232-14916EEBA09B}.Debug|iPhoneSimulator.ActiveCfg = Debug|Any CPU
		{A551F94F-423C-4223-9232-14916EEBA09B}.Debug|iPhoneSimulator.Build.0 = Debug|Any CPU
		{A551F94F-423C-4223-9232-14916EEBA09B}.Debug|iPhoneSimulator.Deploy.0 = Debug|Any CPU
		{A551F94F-423C-4223-9232-14916EEBA09B}.Debug|x64.ActiveCfg = Debug|Any CPU
		{A551F94F-423C-4223-9232-14916EEBA09B}.Debug|x64.Build.0 = Debug|Any CPU
		{A551F94F-423C-4223-9232-14916EEBA09B}.Debug|x64.Deploy.0 = Debug|Any CPU
		{A551F94F-423C-4223-9232-14916EEBA09B}.Debug|x86.ActiveCfg = Debug|Any CPU
		{A551F94F-423C-4223-9232-14916EEBA09B}.Debug|x86.Build.0 = Debug|Any CPU
		{A551F94F-423C-4223-9232-14916EEBA09B}.Debug|x86.Deploy.0 = Debug|Any CPU
		{A551F94F-423C-4223-9232-14916EEBA09B}.Release|Any CPU.ActiveCfg = Release|Any CPU
		{A551F94F-423C-4223-9232-14916EEBA09B}.Release|Any CPU.Build.0 = Release|Any CPU
		{A551F94F-423C-4223-9232-14916EEBA09B}.Release|Any CPU.Deploy.0 = Release|Any CPU
		{A551F94F-423C-4223-9232-14916EEBA09B}.Release|ARM.ActiveCfg = Release|Any CPU
		{A551F94F-423C-4223-9232-14916EEBA09B}.Release|ARM.Build.0 = Release|Any CPU
		{A551F94F-423C-4223-9232-14916EEBA09B}.Release|ARM.Deploy.0 = Release|Any CPU
		{A551F94F-423C-4223-9232-14916EEBA09B}.Release|iPhone.ActiveCfg = Release|Any CPU
		{A551F94F-423C-4223-9232-14916EEBA09B}.Release|iPhone.Build.0 = Release|Any CPU
		{A551F94F-423C-4223-9232-14916EEBA09B}.Release|iPhone.Deploy.0 = Release|Any CPU
		{A551F94F-423C-4223-9232-14916EEBA09B}.Release|iPhoneSimulator.ActiveCfg = Release|Any CPU
		{A551F94F-423C-4223-9232-14916EEBA09B}.Release|iPhoneSimulator.Build.0 = Release|Any CPU
		{A551F94F-423C-4223-9232-14916EEBA09B}.Release|iPhoneSimulator.Deploy.0 = Release|Any CPU
		{A551F94F-423C-4223-9232-14916EEBA09B}.Release|x64.ActiveCfg = Release|Any CPU
		{A551F94F-423C-4223-9232-14916EEBA09B}.Release|x64.Build.0 = Release|Any CPU
		{A551F94F-423C-4223-9232-14916EEBA09B}.Release|x64.Deploy.0 = Release|Any CPU
		{A551F94F-423C-4223-9232-14916EEBA09B}.Release|x86.ActiveCfg = Release|Any CPU
		{A551F94F-423C-4223-9232-14916EEBA09B}.Release|x86.Build.0 = Release|Any CPU
		{A551F94F-423C-4223-9232-14916EEBA09B}.Release|x86.Deploy.0 = Release|Any CPU
		{B4FFBA2F-4241-4714-88BC-AF61B0981E39}.Ad-Hoc|Any CPU.ActiveCfg = Ad-Hoc|iPhone
		{B4FFBA2F-4241-4714-88BC-AF61B0981E39}.Ad-Hoc|Any CPU.Build.0 = Ad-Hoc|iPhone
		{B4FFBA2F-4241-4714-88BC-AF61B0981E39}.Ad-Hoc|Any CPU.Deploy.0 = Ad-Hoc|iPhone
		{B4FFBA2F-4241-4714-88BC-AF61B0981E39}.Ad-Hoc|ARM.ActiveCfg = Ad-Hoc|iPhone
		{B4FFBA2F-4241-4714-88BC-AF61B0981E39}.Ad-Hoc|ARM.Build.0 = Ad-Hoc|iPhone
		{B4FFBA2F-4241-4714-88BC-AF61B0981E39}.Ad-Hoc|ARM.Deploy.0 = Ad-Hoc|iPhone
		{B4FFBA2F-4241-4714-88BC-AF61B0981E39}.Ad-Hoc|iPhone.ActiveCfg = Ad-Hoc|iPhone
		{B4FFBA2F-4241-4714-88BC-AF61B0981E39}.Ad-Hoc|iPhone.Build.0 = Ad-Hoc|iPhone
		{B4FFBA2F-4241-4714-88BC-AF61B0981E39}.Ad-Hoc|iPhone.Deploy.0 = Ad-Hoc|iPhone
		{B4FFBA2F-4241-4714-88BC-AF61B0981E39}.Ad-Hoc|iPhoneSimulator.ActiveCfg = Ad-Hoc|iPhoneSimulator
		{B4FFBA2F-4241-4714-88BC-AF61B0981E39}.Ad-Hoc|iPhoneSimulator.Build.0 = Ad-Hoc|iPhoneSimulator
		{B4FFBA2F-4241-4714-88BC-AF61B0981E39}.Ad-Hoc|iPhoneSimulator.Deploy.0 = Ad-Hoc|iPhoneSimulator
		{B4FFBA2F-4241-4714-88BC-AF61B0981E39}.Ad-Hoc|x64.ActiveCfg = Ad-Hoc|iPhone
		{B4FFBA2F-4241-4714-88BC-AF61B0981E39}.Ad-Hoc|x64.Build.0 = Ad-Hoc|iPhone
		{B4FFBA2F-4241-4714-88BC-AF61B0981E39}.Ad-Hoc|x64.Deploy.0 = Ad-Hoc|iPhone
		{B4FFBA2F-4241-4714-88BC-AF61B0981E39}.Ad-Hoc|x86.ActiveCfg = Ad-Hoc|iPhone
		{B4FFBA2F-4241-4714-88BC-AF61B0981E39}.Ad-Hoc|x86.Build.0 = Ad-Hoc|iPhone
		{B4FFBA2F-4241-4714-88BC-AF61B0981E39}.Ad-Hoc|x86.Deploy.0 = Ad-Hoc|iPhone
		{B4FFBA2F-4241-4714-88BC-AF61B0981E39}.AppStore|Any CPU.ActiveCfg = AppStore|iPhone
		{B4FFBA2F-4241-4714-88BC-AF61B0981E39}.AppStore|Any CPU.Build.0 = AppStore|iPhone
		{B4FFBA2F-4241-4714-88BC-AF61B0981E39}.AppStore|Any CPU.Deploy.0 = AppStore|iPhone
		{B4FFBA2F-4241-4714-88BC-AF61B0981E39}.AppStore|ARM.ActiveCfg = AppStore|iPhone
		{B4FFBA2F-4241-4714-88BC-AF61B0981E39}.AppStore|ARM.Build.0 = AppStore|iPhone
		{B4FFBA2F-4241-4714-88BC-AF61B0981E39}.AppStore|ARM.Deploy.0 = AppStore|iPhone
		{B4FFBA2F-4241-4714-88BC-AF61B0981E39}.AppStore|iPhone.ActiveCfg = AppStore|iPhone
		{B4FFBA2F-4241-4714-88BC-AF61B0981E39}.AppStore|iPhone.Build.0 = AppStore|iPhone
		{B4FFBA2F-4241-4714-88BC-AF61B0981E39}.AppStore|iPhone.Deploy.0 = AppStore|iPhone
		{B4FFBA2F-4241-4714-88BC-AF61B0981E39}.AppStore|iPhoneSimulator.ActiveCfg = AppStore|iPhoneSimulator
		{B4FFBA2F-4241-4714-88BC-AF61B0981E39}.AppStore|iPhoneSimulator.Build.0 = AppStore|iPhoneSimulator
		{B4FFBA2F-4241-4714-88BC-AF61B0981E39}.AppStore|iPhoneSimulator.Deploy.0 = AppStore|iPhoneSimulator
		{B4FFBA2F-4241-4714-88BC-AF61B0981E39}.AppStore|x64.ActiveCfg = AppStore|iPhone
		{B4FFBA2F-4241-4714-88BC-AF61B0981E39}.AppStore|x64.Build.0 = AppStore|iPhone
		{B4FFBA2F-4241-4714-88BC-AF61B0981E39}.AppStore|x64.Deploy.0 = AppStore|iPhone
		{B4FFBA2F-4241-4714-88BC-AF61B0981E39}.AppStore|x86.ActiveCfg = AppStore|iPhone
		{B4FFBA2F-4241-4714-88BC-AF61B0981E39}.AppStore|x86.Build.0 = AppStore|iPhone
		{B4FFBA2F-4241-4714-88BC-AF61B0981E39}.AppStore|x86.Deploy.0 = AppStore|iPhone
		{B4FFBA2F-4241-4714-88BC-AF61B0981E39}.Debug|Any CPU.ActiveCfg = Debug|iPhoneSimulator
		{B4FFBA2F-4241-4714-88BC-AF61B0981E39}.Debug|Any CPU.Build.0 = Debug|iPhoneSimulator
		{B4FFBA2F-4241-4714-88BC-AF61B0981E39}.Debug|Any CPU.Deploy.0 = Debug|iPhoneSimulator
		{B4FFBA2F-4241-4714-88BC-AF61B0981E39}.Debug|ARM.ActiveCfg = Debug|iPhone
		{B4FFBA2F-4241-4714-88BC-AF61B0981E39}.Debug|ARM.Build.0 = Debug|iPhone
		{B4FFBA2F-4241-4714-88BC-AF61B0981E39}.Debug|ARM.Deploy.0 = Debug|iPhone
		{B4FFBA2F-4241-4714-88BC-AF61B0981E39}.Debug|iPhone.ActiveCfg = Debug|iPhone
		{B4FFBA2F-4241-4714-88BC-AF61B0981E39}.Debug|iPhone.Build.0 = Debug|iPhone
		{B4FFBA2F-4241-4714-88BC-AF61B0981E39}.Debug|iPhone.Deploy.0 = Debug|iPhone
		{B4FFBA2F-4241-4714-88BC-AF61B0981E39}.Debug|iPhoneSimulator.ActiveCfg = Debug|iPhoneSimulator
		{B4FFBA2F-4241-4714-88BC-AF61B0981E39}.Debug|iPhoneSimulator.Build.0 = Debug|iPhoneSimulator
		{B4FFBA2F-4241-4714-88BC-AF61B0981E39}.Debug|iPhoneSimulator.Deploy.0 = Debug|iPhoneSimulator
		{B4FFBA2F-4241-4714-88BC-AF61B0981E39}.Debug|x64.ActiveCfg = Debug|iPhone
		{B4FFBA2F-4241-4714-88BC-AF61B0981E39}.Debug|x64.Build.0 = Debug|iPhone
		{B4FFBA2F-4241-4714-88BC-AF61B0981E39}.Debug|x64.Deploy.0 = Debug|iPhone
		{B4FFBA2F-4241-4714-88BC-AF61B0981E39}.Debug|x86.ActiveCfg = Debug|iPhone
		{B4FFBA2F-4241-4714-88BC-AF61B0981E39}.Debug|x86.Build.0 = Debug|iPhone
		{B4FFBA2F-4241-4714-88BC-AF61B0981E39}.Debug|x86.Deploy.0 = Debug|iPhone
		{B4FFBA2F-4241-4714-88BC-AF61B0981E39}.Release|Any CPU.ActiveCfg = Release|iPhone
		{B4FFBA2F-4241-4714-88BC-AF61B0981E39}.Release|Any CPU.Build.0 = Release|iPhone
		{B4FFBA2F-4241-4714-88BC-AF61B0981E39}.Release|Any CPU.Deploy.0 = Release|iPhone
		{B4FFBA2F-4241-4714-88BC-AF61B0981E39}.Release|ARM.ActiveCfg = Release|iPhone
		{B4FFBA2F-4241-4714-88BC-AF61B0981E39}.Release|ARM.Build.0 = Release|iPhone
		{B4FFBA2F-4241-4714-88BC-AF61B0981E39}.Release|ARM.Deploy.0 = Release|iPhone
		{B4FFBA2F-4241-4714-88BC-AF61B0981E39}.Release|iPhone.ActiveCfg = Release|iPhone
		{B4FFBA2F-4241-4714-88BC-AF61B0981E39}.Release|iPhone.Build.0 = Release|iPhone
		{B4FFBA2F-4241-4714-88BC-AF61B0981E39}.Release|iPhone.Deploy.0 = Release|iPhone
		{B4FFBA2F-4241-4714-88BC-AF61B0981E39}.Release|iPhoneSimulator.ActiveCfg = Release|iPhoneSimulator
		{B4FFBA2F-4241-4714-88BC-AF61B0981E39}.Release|iPhoneSimulator.Build.0 = Release|iPhoneSimulator
		{B4FFBA2F-4241-4714-88BC-AF61B0981E39}.Release|iPhoneSimulator.Deploy.0 = Release|iPhoneSimulator
		{B4FFBA2F-4241-4714-88BC-AF61B0981E39}.Release|x64.ActiveCfg = Release|iPhone
		{B4FFBA2F-4241-4714-88BC-AF61B0981E39}.Release|x64.Build.0 = Release|iPhone
		{B4FFBA2F-4241-4714-88BC-AF61B0981E39}.Release|x64.Deploy.0 = Release|iPhone
		{B4FFBA2F-4241-4714-88BC-AF61B0981E39}.Release|x86.ActiveCfg = Release|iPhone
		{B4FFBA2F-4241-4714-88BC-AF61B0981E39}.Release|x86.Build.0 = Release|iPhone
		{B4FFBA2F-4241-4714-88BC-AF61B0981E39}.Release|x86.Deploy.0 = Release|iPhone
		{30CC6C57-6E25-423D-8181-DBDB704F1390}.Ad-Hoc|Any CPU.ActiveCfg = Release|x86
		{30CC6C57-6E25-423D-8181-DBDB704F1390}.Ad-Hoc|Any CPU.Build.0 = Release|x86
		{30CC6C57-6E25-423D-8181-DBDB704F1390}.Ad-Hoc|Any CPU.Deploy.0 = Release|x86
		{30CC6C57-6E25-423D-8181-DBDB704F1390}.Ad-Hoc|ARM.ActiveCfg = Release|ARM
		{30CC6C57-6E25-423D-8181-DBDB704F1390}.Ad-Hoc|ARM.Build.0 = Release|ARM
		{30CC6C57-6E25-423D-8181-DBDB704F1390}.Ad-Hoc|ARM.Deploy.0 = Release|ARM
		{30CC6C57-6E25-423D-8181-DBDB704F1390}.Ad-Hoc|iPhone.ActiveCfg = Release|x86
		{30CC6C57-6E25-423D-8181-DBDB704F1390}.Ad-Hoc|iPhone.Build.0 = Release|x86
		{30CC6C57-6E25-423D-8181-DBDB704F1390}.Ad-Hoc|iPhone.Deploy.0 = Release|x86
		{30CC6C57-6E25-423D-8181-DBDB704F1390}.Ad-Hoc|iPhoneSimulator.ActiveCfg = Release|x86
		{30CC6C57-6E25-423D-8181-DBDB704F1390}.Ad-Hoc|iPhoneSimulator.Build.0 = Release|x86
		{30CC6C57-6E25-423D-8181-DBDB704F1390}.Ad-Hoc|iPhoneSimulator.Deploy.0 = Release|x86
		{30CC6C57-6E25-423D-8181-DBDB704F1390}.Ad-Hoc|x64.ActiveCfg = Release|x64
		{30CC6C57-6E25-423D-8181-DBDB704F1390}.Ad-Hoc|x64.Build.0 = Release|x64
		{30CC6C57-6E25-423D-8181-DBDB704F1390}.Ad-Hoc|x64.Deploy.0 = Release|x64
		{30CC6C57-6E25-423D-8181-DBDB704F1390}.Ad-Hoc|x86.ActiveCfg = Release|x86
		{30CC6C57-6E25-423D-8181-DBDB704F1390}.Ad-Hoc|x86.Build.0 = Release|x86
		{30CC6C57-6E25-423D-8181-DBDB704F1390}.Ad-Hoc|x86.Deploy.0 = Release|x86
		{30CC6C57-6E25-423D-8181-DBDB704F1390}.AppStore|Any CPU.ActiveCfg = Release|x86
		{30CC6C57-6E25-423D-8181-DBDB704F1390}.AppStore|Any CPU.Build.0 = Release|x86
		{30CC6C57-6E25-423D-8181-DBDB704F1390}.AppStore|Any CPU.Deploy.0 = Release|x86
		{30CC6C57-6E25-423D-8181-DBDB704F1390}.AppStore|ARM.ActiveCfg = Release|ARM
		{30CC6C57-6E25-423D-8181-DBDB704F1390}.AppStore|ARM.Build.0 = Release|ARM
		{30CC6C57-6E25-423D-8181-DBDB704F1390}.AppStore|ARM.Deploy.0 = Release|ARM
		{30CC6C57-6E25-423D-8181-DBDB704F1390}.AppStore|iPhone.ActiveCfg = Release|x86
		{30CC6C57-6E25-423D-8181-DBDB704F1390}.AppStore|iPhone.Build.0 = Release|x86
		{30CC6C57-6E25-423D-8181-DBDB704F1390}.AppStore|iPhone.Deploy.0 = Release|x86
		{30CC6C57-6E25-423D-8181-DBDB704F1390}.AppStore|iPhoneSimulator.ActiveCfg = Release|x86
		{30CC6C57-6E25-423D-8181-DBDB704F1390}.AppStore|iPhoneSimulator.Build.0 = Release|x86
		{30CC6C57-6E25-423D-8181-DBDB704F1390}.AppStore|iPhoneSimulator.Deploy.0 = Release|x86
		{30CC6C57-6E25-423D-8181-DBDB704F1390}.AppStore|x64.ActiveCfg = Release|x64
		{30CC6C57-6E25-423D-8181-DBDB704F1390}.AppStore|x64.Build.0 = Release|x64
		{30CC6C57-6E25-423D-8181-DBDB704F1390}.AppStore|x64.Deploy.0 = Release|x64
		{30CC6C57-6E25-423D-8181-DBDB704F1390}.AppStore|x86.ActiveCfg = Release|x86
		{30CC6C57-6E25-423D-8181-DBDB704F1390}.AppStore|x86.Build.0 = Release|x86
		{30CC6C57-6E25-423D-8181-DBDB704F1390}.AppStore|x86.Deploy.0 = Release|x86
		{30CC6C57-6E25-423D-8181-DBDB704F1390}.Debug|Any CPU.ActiveCfg = Debug|x86
		{30CC6C57-6E25-423D-8181-DBDB704F1390}.Debug|Any CPU.Build.0 = Debug|x86
		{30CC6C57-6E25-423D-8181-DBDB704F1390}.Debug|Any CPU.Deploy.0 = Debug|x86
		{30CC6C57-6E25-423D-8181-DBDB704F1390}.Debug|ARM.ActiveCfg = Debug|ARM
		{30CC6C57-6E25-423D-8181-DBDB704F1390}.Debug|ARM.Build.0 = Debug|ARM
		{30CC6C57-6E25-423D-8181-DBDB704F1390}.Debug|ARM.Deploy.0 = Debug|ARM
		{30CC6C57-6E25-423D-8181-DBDB704F1390}.Debug|iPhone.ActiveCfg = Debug|x86
		{30CC6C57-6E25-423D-8181-DBDB704F1390}.Debug|iPhone.Build.0 = Debug|x86
		{30CC6C57-6E25-423D-8181-DBDB704F1390}.Debug|iPhone.Deploy.0 = Debug|x86
		{30CC6C57-6E25-423D-8181-DBDB704F1390}.Debug|iPhoneSimulator.ActiveCfg = Debug|x86
		{30CC6C57-6E25-423D-8181-DBDB704F1390}.Debug|iPhoneSimulator.Build.0 = Debug|x86
		{30CC6C57-6E25-423D-8181-DBDB704F1390}.Debug|iPhoneSimulator.Deploy.0 = Debug|x86
		{30CC6C57-6E25-423D-8181-DBDB704F1390}.Debug|x64.ActiveCfg = Debug|x64
		{30CC6C57-6E25-423D-8181-DBDB704F1390}.Debug|x64.Build.0 = Debug|x64
		{30CC6C57-6E25-423D-8181-DBDB704F1390}.Debug|x64.Deploy.0 = Debug|x64
		{30CC6C57-6E25-423D-8181-DBDB704F1390}.Debug|x86.ActiveCfg = Debug|x86
		{30CC6C57-6E25-423D-8181-DBDB704F1390}.Debug|x86.Build.0 = Debug|x86
		{30CC6C57-6E25-423D-8181-DBDB704F1390}.Debug|x86.Deploy.0 = Debug|x86
		{30CC6C57-6E25-423D-8181-DBDB704F1390}.Release|Any CPU.ActiveCfg = Release|x86
		{30CC6C57-6E25-423D-8181-DBDB704F1390}.Release|Any CPU.Build.0 = Release|x86
		{30CC6C57-6E25-423D-8181-DBDB704F1390}.Release|Any CPU.Deploy.0 = Release|x86
		{30CC6C57-6E25-423D-8181-DBDB704F1390}.Release|ARM.ActiveCfg = Release|ARM
		{30CC6C57-6E25-423D-8181-DBDB704F1390}.Release|ARM.Build.0 = Release|ARM
		{30CC6C57-6E25-423D-8181-DBDB704F1390}.Release|ARM.Deploy.0 = Release|ARM
		{30CC6C57-6E25-423D-8181-DBDB704F1390}.Release|iPhone.ActiveCfg = Release|x86
		{30CC6C57-6E25-423D-8181-DBDB704F1390}.Release|iPhone.Build.0 = Release|x86
		{30CC6C57-6E25-423D-8181-DBDB704F1390}.Release|iPhone.Deploy.0 = Release|x86
		{30CC6C57-6E25-423D-8181-DBDB704F1390}.Release|iPhoneSimulator.ActiveCfg = Release|x86
		{30CC6C57-6E25-423D-8181-DBDB704F1390}.Release|iPhoneSimulator.Build.0 = Release|x86
		{30CC6C57-6E25-423D-8181-DBDB704F1390}.Release|iPhoneSimulator.Deploy.0 = Release|x86
		{30CC6C57-6E25-423D-8181-DBDB704F1390}.Release|x64.ActiveCfg = Release|x64
		{30CC6C57-6E25-423D-8181-DBDB704F1390}.Release|x64.Build.0 = Release|x64
		{30CC6C57-6E25-423D-8181-DBDB704F1390}.Release|x64.Deploy.0 = Release|x64
		{30CC6C57-6E25-423D-8181-DBDB704F1390}.Release|x86.ActiveCfg = Release|x86
		{30CC6C57-6E25-423D-8181-DBDB704F1390}.Release|x86.Build.0 = Release|x86
		{30CC6C57-6E25-423D-8181-DBDB704F1390}.Release|x86.Deploy.0 = Release|x86
		{46AF7E15-4F5E-4CF2-AAEB-79023B427DB0}.Ad-Hoc|Any CPU.ActiveCfg = Debug|Any CPU
		{46AF7E15-4F5E-4CF2-AAEB-79023B427DB0}.Ad-Hoc|Any CPU.Build.0 = Debug|Any CPU
		{46AF7E15-4F5E-4CF2-AAEB-79023B427DB0}.Ad-Hoc|Any CPU.Deploy.0 = Debug|Any CPU
		{46AF7E15-4F5E-4CF2-AAEB-79023B427DB0}.Ad-Hoc|ARM.ActiveCfg = Debug|Any CPU
		{46AF7E15-4F5E-4CF2-AAEB-79023B427DB0}.Ad-Hoc|ARM.Build.0 = Debug|Any CPU
		{46AF7E15-4F5E-4CF2-AAEB-79023B427DB0}.Ad-Hoc|ARM.Deploy.0 = Debug|Any CPU
		{46AF7E15-4F5E-4CF2-AAEB-79023B427DB0}.Ad-Hoc|iPhone.ActiveCfg = Debug|Any CPU
		{46AF7E15-4F5E-4CF2-AAEB-79023B427DB0}.Ad-Hoc|iPhone.Build.0 = Debug|Any CPU
		{46AF7E15-4F5E-4CF2-AAEB-79023B427DB0}.Ad-Hoc|iPhone.Deploy.0 = Debug|Any CPU
		{46AF7E15-4F5E-4CF2-AAEB-79023B427DB0}.Ad-Hoc|iPhoneSimulator.ActiveCfg = Debug|Any CPU
		{46AF7E15-4F5E-4CF2-AAEB-79023B427DB0}.Ad-Hoc|iPhoneSimulator.Build.0 = Debug|Any CPU
		{46AF7E15-4F5E-4CF2-AAEB-79023B427DB0}.Ad-Hoc|iPhoneSimulator.Deploy.0 = Debug|Any CPU
		{46AF7E15-4F5E-4CF2-AAEB-79023B427DB0}.Ad-Hoc|x64.ActiveCfg = Debug|Any CPU
		{46AF7E15-4F5E-4CF2-AAEB-79023B427DB0}.Ad-Hoc|x64.Build.0 = Debug|Any CPU
		{46AF7E15-4F5E-4CF2-AAEB-79023B427DB0}.Ad-Hoc|x64.Deploy.0 = Debug|Any CPU
		{46AF7E15-4F5E-4CF2-AAEB-79023B427DB0}.Ad-Hoc|x86.ActiveCfg = Debug|Any CPU
		{46AF7E15-4F5E-4CF2-AAEB-79023B427DB0}.Ad-Hoc|x86.Build.0 = Debug|Any CPU
		{46AF7E15-4F5E-4CF2-AAEB-79023B427DB0}.Ad-Hoc|x86.Deploy.0 = Debug|Any CPU
		{46AF7E15-4F5E-4CF2-AAEB-79023B427DB0}.AppStore|Any CPU.ActiveCfg = Debug|Any CPU
		{46AF7E15-4F5E-4CF2-AAEB-79023B427DB0}.AppStore|Any CPU.Build.0 = Debug|Any CPU
		{46AF7E15-4F5E-4CF2-AAEB-79023B427DB0}.AppStore|Any CPU.Deploy.0 = Debug|Any CPU
		{46AF7E15-4F5E-4CF2-AAEB-79023B427DB0}.AppStore|ARM.ActiveCfg = Debug|Any CPU
		{46AF7E15-4F5E-4CF2-AAEB-79023B427DB0}.AppStore|ARM.Build.0 = Debug|Any CPU
		{46AF7E15-4F5E-4CF2-AAEB-79023B427DB0}.AppStore|ARM.Deploy.0 = Debug|Any CPU
		{46AF7E15-4F5E-4CF2-AAEB-79023B427DB0}.AppStore|iPhone.ActiveCfg = Debug|Any CPU
		{46AF7E15-4F5E-4CF2-AAEB-79023B427DB0}.AppStore|iPhone.Build.0 = Debug|Any CPU
		{46AF7E15-4F5E-4CF2-AAEB-79023B427DB0}.AppStore|iPhone.Deploy.0 = Debug|Any CPU
		{46AF7E15-4F5E-4CF2-AAEB-79023B427DB0}.AppStore|iPhoneSimulator.ActiveCfg = Debug|Any CPU
		{46AF7E15-4F5E-4CF2-AAEB-79023B427DB0}.AppStore|iPhoneSimulator.Build.0 = Debug|Any CPU
		{46AF7E15-4F5E-4CF2-AAEB-79023B427DB0}.AppStore|iPhoneSimulator.Deploy.0 = Debug|Any CPU
		{46AF7E15-4F5E-4CF2-AAEB-79023B427DB0}.AppStore|x64.ActiveCfg = Debug|Any CPU
		{46AF7E15-4F5E-4CF2-AAEB-79023B427DB0}.AppStore|x64.Build.0 = Debug|Any CPU
		{46AF7E15-4F5E-4CF2-AAEB-79023B427DB0}.AppStore|x64.Deploy.0 = Debug|Any CPU
		{46AF7E15-4F5E-4CF2-AAEB-79023B427DB0}.AppStore|x86.ActiveCfg = Debug|Any CPU
		{46AF7E15-4F5E-4CF2-AAEB-79023B427DB0}.AppStore|x86.Build.0 = Debug|Any CPU
		{46AF7E15-4F5E-4CF2-AAEB-79023B427DB0}.AppStore|x86.Deploy.0 = Debug|Any CPU
		{46AF7E15-4F5E-4CF2-AAEB-79023B427DB0}.Debug|Any CPU.ActiveCfg = Debug|Any CPU
		{46AF7E15-4F5E-4CF2-AAEB-79023B427DB0}.Debug|Any CPU.Build.0 = Debug|Any CPU
		{46AF7E15-4F5E-4CF2-AAEB-79023B427DB0}.Debug|Any CPU.Deploy.0 = Debug|Any CPU
		{46AF7E15-4F5E-4CF2-AAEB-79023B427DB0}.Debug|ARM.ActiveCfg = Debug|Any CPU
		{46AF7E15-4F5E-4CF2-AAEB-79023B427DB0}.Debug|ARM.Build.0 = Debug|Any CPU
		{46AF7E15-4F5E-4CF2-AAEB-79023B427DB0}.Debug|ARM.Deploy.0 = Debug|Any CPU
		{46AF7E15-4F5E-4CF2-AAEB-79023B427DB0}.Debug|iPhone.ActiveCfg = Debug|Any CPU
		{46AF7E15-4F5E-4CF2-AAEB-79023B427DB0}.Debug|iPhone.Build.0 = Debug|Any CPU
		{46AF7E15-4F5E-4CF2-AAEB-79023B427DB0}.Debug|iPhone.Deploy.0 = Debug|Any CPU
		{46AF7E15-4F5E-4CF2-AAEB-79023B427DB0}.Debug|iPhoneSimulator.ActiveCfg = Debug|Any CPU
		{46AF7E15-4F5E-4CF2-AAEB-79023B427DB0}.Debug|iPhoneSimulator.Build.0 = Debug|Any CPU
		{46AF7E15-4F5E-4CF2-AAEB-79023B427DB0}.Debug|iPhoneSimulator.Deploy.0 = Debug|Any CPU
		{46AF7E15-4F5E-4CF2-AAEB-79023B427DB0}.Debug|x64.ActiveCfg = Debug|Any CPU
		{46AF7E15-4F5E-4CF2-AAEB-79023B427DB0}.Debug|x64.Build.0 = Debug|Any CPU
		{46AF7E15-4F5E-4CF2-AAEB-79023B427DB0}.Debug|x64.Deploy.0 = Debug|Any CPU
		{46AF7E15-4F5E-4CF2-AAEB-79023B427DB0}.Debug|x86.ActiveCfg = Debug|Any CPU
		{46AF7E15-4F5E-4CF2-AAEB-79023B427DB0}.Debug|x86.Build.0 = Debug|Any CPU
		{46AF7E15-4F5E-4CF2-AAEB-79023B427DB0}.Debug|x86.Deploy.0 = Debug|Any CPU
		{46AF7E15-4F5E-4CF2-AAEB-79023B427DB0}.Release|Any CPU.ActiveCfg = Release|Any CPU
		{46AF7E15-4F5E-4CF2-AAEB-79023B427DB0}.Release|Any CPU.Build.0 = Release|Any CPU
		{46AF7E15-4F5E-4CF2-AAEB-79023B427DB0}.Release|Any CPU.Deploy.0 = Release|Any CPU
		{46AF7E15-4F5E-4CF2-AAEB-79023B427DB0}.Release|ARM.ActiveCfg = Release|Any CPU
		{46AF7E15-4F5E-4CF2-AAEB-79023B427DB0}.Release|ARM.Build.0 = Release|Any CPU
		{46AF7E15-4F5E-4CF2-AAEB-79023B427DB0}.Release|ARM.Deploy.0 = Release|Any CPU
		{46AF7E15-4F5E-4CF2-AAEB-79023B427DB0}.Release|iPhone.ActiveCfg = Release|Any CPU
		{46AF7E15-4F5E-4CF2-AAEB-79023B427DB0}.Release|iPhone.Build.0 = Release|Any CPU
		{46AF7E15-4F5E-4CF2-AAEB-79023B427DB0}.Release|iPhone.Deploy.0 = Release|Any CPU
		{46AF7E15-4F5E-4CF2-AAEB-79023B427DB0}.Release|iPhoneSimulator.ActiveCfg = Release|Any CPU
		{46AF7E15-4F5E-4CF2-AAEB-79023B427DB0}.Release|iPhoneSimulator.Build.0 = Release|Any CPU
		{46AF7E15-4F5E-4CF2-AAEB-79023B427DB0}.Release|iPhoneSimulator.Deploy.0 = Release|Any CPU
		{46AF7E15-4F5E-4CF2-AAEB-79023B427DB0}.Release|x64.ActiveCfg = Release|Any CPU
		{46AF7E15-4F5E-4CF2-AAEB-79023B427DB0}.Release|x64.Build.0 = Release|Any CPU
		{46AF7E15-4F5E-4CF2-AAEB-79023B427DB0}.Release|x64.Deploy.0 = Release|Any CPU
		{46AF7E15-4F5E-4CF2-AAEB-79023B427DB0}.Release|x86.ActiveCfg = Release|Any CPU
		{46AF7E15-4F5E-4CF2-AAEB-79023B427DB0}.Release|x86.Build.0 = Release|Any CPU
		{46AF7E15-4F5E-4CF2-AAEB-79023B427DB0}.Release|x86.Deploy.0 = Release|Any CPU
	EndGlobalSection
	GlobalSection(SolutionProperties) = preSolution
		HideSolutionNode = FALSE
	EndGlobalSection
	GlobalSection(ExtensibilityGlobals) = postSolution
		SolutionGuid = {88934E4F-69D1-4189-8F50-B5300DDE7938}
	EndGlobalSection
EndGlobal
