
Microsoft Visual Studio Solution File, Format Version 12.00
# Visual Studio Version 16
VisualStudioVersion = 16.0.29215.179
MinimumVisualStudioVersion = 10.0.40219.1
Project("{FAE04EC0-301F-11D3-BF4B-00C04F79EFBC}") = "HelloWorldAndroid", "HelloWorldAndroid\HelloWorldAndroid.csproj", "{64E6F4C6-3E6A-4119-B9F7-ABA35F99FB1C}"
EndProject
Global
	GlobalSection(SolutionConfigurationPlatforms) = preSolution
		Debug|Any CPU = Debug|Any CPU
		Release|Any CPU = Release|Any CPU
	EndGlobalSection
	GlobalSection(ProjectConfigurationPlatforms) = postSolution
		{64E6F4C6-3E6A-4119-B9F7-ABA35F99FB1C}.Debug|Any CPU.ActiveCfg = Debug|Any CPU
		{64E6F4C6-3E6A-4119-B9F7-ABA35F99FB1C}.Debug|Any CPU.Build.0 = Debug|Any CPU
		{64E6F4C6-3E6A-4119-B9F7-ABA35F99FB1C}.Debug|Any CPU.Deploy.0 = Debug|Any CPU
		{64E6F4C6-3E6A-4119-B9F7-ABA35F99FB1C}.Release|Any CPU.ActiveCfg = Release|Any CPU
		{64E6F4C6-3E6A-4119-B9F7-ABA35F99FB1C}.Release|Any CPU.Build.0 = Release|Any CPU
		{64E6F4C6-3E6A-4119-B9F7-ABA35F99FB1C}.Release|Any CPU.Deploy.0 = Release|Any CPU
	EndGlobalSection
	GlobalSection(SolutionProperties) = preSolution
		HideSolutionNode = FALSE
	EndGlobalSection
	GlobalSection(ExtensibilityGlobals) = postSolution
		SolutionGuid = {5057C494-A877-4455-B061-72B6837EF0B8}
	EndGlobalSection
EndGlobal
