
Microsoft Visual Studio Solution File, Format Version 12.00
# Visual Studio Version 16
VisualStudioVersion = 16.0.29215.179
MinimumVisualStudioVersion = 10.0.40219.1
Project("{FAE04EC0-301F-11D3-BF4B-00C04F79EFBC}") = "HelloWorldForms.UWP", "HelloWorldForms\HelloWorldForms.UWP\HelloWorldForms.UWP.csproj", "{CE9604F1-55BF-476B-810A-3B118B9AFE27}"
EndProject
Project("{FAE04EC0-301F-11D3-BF4B-00C04F79EFBC}") = "HelloWorldForms.Android", "HelloWorldForms\HelloWorldForms.Android\HelloWorldForms.Android.csproj", "{CB80C0A2-88E2-4988-9AA0-68D318F385B5}"
EndProject
Project("{FAE04EC0-301F-11D3-BF4B-00C04F79EFBC}") = "HelloWorldForms.iOS", "HelloWorldForms\HelloWorldForms.iOS\HelloWorldForms.iOS.csproj", "{ABEC3098-E310-43F3-8F87-CE1D4939757D}"
EndProject
Project("{FAE04EC0-301F-11D3-BF4B-00C04F79EFBC}") = "HelloWorldForms", "HelloWorldForms\HelloWorldForms\HelloWorldForms.csproj", "{A030BC81-4181-44FB-87E4-B18F1BBD1D0B}"
EndProject
Global
	GlobalSection(SolutionConfigurationPlatforms) = preSolution
		Debug|Any CPU = Debug|Any CPU
		Debug|ARM = Debug|ARM
		Debug|iPhone = Debug|iPhone
		Debug|iPhoneSimulator = Debug|iPhoneSimulator
		Debug|x64 = Debug|x64
		Debug|x86 = Debug|x86
		Release|Any CPU = Release|Any CPU
		Release|ARM = Release|ARM
		Release|iPhone = Release|iPhone
		Release|iPhoneSimulator = Release|iPhoneSimulator
		Release|x64 = Release|x64
		Release|x86 = Release|x86
	EndGlobalSection
	GlobalSection(ProjectConfigurationPlatforms) = postSolution
		{CE9604F1-55BF-476B-810A-3B118B9AFE27}.Debug|Any CPU.ActiveCfg = Debug|x86
		{CE9604F1-55BF-476B-810A-3B118B9AFE27}.Debug|Any CPU.Build.0 = Debug|x86
		{CE9604F1-55BF-476B-810A-3B118B9AFE27}.Debug|Any CPU.Deploy.0 = Debug|x86
		{CE9604F1-55BF-476B-810A-3B118B9AFE27}.Debug|ARM.ActiveCfg = Debug|ARM
		{CE9604F1-55BF-476B-810A-3B118B9AFE27}.Debug|ARM.Build.0 = Debug|ARM
		{CE9604F1-55BF-476B-810A-3B118B9AFE27}.Debug|ARM.Deploy.0 = Debug|ARM
		{CE9604F1-55BF-476B-810A-3B118B9AFE27}.Debug|iPhone.ActiveCfg = Debug|x86
		{CE9604F1-55BF-476B-810A-3B118B9AFE27}.Debug|iPhone.Build.0 = Debug|x86
		{CE9604F1-55BF-476B-810A-3B118B9AFE27}.Debug|iPhone.Deploy.0 = Debug|x86
		{CE9604F1-55BF-476B-810A-3B118B9AFE27}.Debug|iPhoneSimulator.ActiveCfg = Debug|x86
		{CE9604F1-55BF-476B-810A-3B118B9AFE27}.Debug|iPhoneSimulator.Build.0 = Debug|x86
		{CE9604F1-55BF-476B-810A-3B118B9AFE27}.Debug|iPhoneSimulator.Deploy.0 = Debug|x86
		{CE9604F1-55BF-476B-810A-3B118B9AFE27}.Debug|x64.ActiveCfg = Debug|x64
		{CE9604F1-55BF-476B-810A-3B118B9AFE27}.Debug|x64.Build.0 = Debug|x64
		{CE9604F1-55BF-476B-810A-3B118B9AFE27}.Debug|x64.Deploy.0 = Debug|x64
		{CE9604F1-55BF-476B-810A-3B118B9AFE27}.Debug|x86.ActiveCfg = Debug|x86
		{CE9604F1-55BF-476B-810A-3B118B9AFE27}.Debug|x86.Build.0 = Debug|x86
		{CE9604F1-55BF-476B-810A-3B118B9AFE27}.Debug|x86.Deploy.0 = Debug|x86
		{CE9604F1-55BF-476B-810A-3B118B9AFE27}.Release|Any CPU.ActiveCfg = Release|x86
		{CE9604F1-55BF-476B-810A-3B118B9AFE27}.Release|Any CPU.Build.0 = Release|x86
		{CE9604F1-55BF-476B-810A-3B118B9AFE27}.Release|Any CPU.Deploy.0 = Release|x86
		{CE9604F1-55BF-476B-810A-3B118B9AFE27}.Release|ARM.ActiveCfg = Release|ARM
		{CE9604F1-55BF-476B-810A-3B118B9AFE27}.Release|ARM.Build.0 = Release|ARM
		{CE9604F1-55BF-476B-810A-3B118B9AFE27}.Release|ARM.Deploy.0 = Release|ARM
		{CE9604F1-55BF-476B-810A-3B118B9AFE27}.Release|iPhone.ActiveCfg = Release|x86
		{CE9604F1-55BF-476B-810A-3B118B9AFE27}.Release|iPhone.Build.0 = Release|x86
		{CE9604F1-55BF-476B-810A-3B118B9AFE27}.Release|iPhone.Deploy.0 = Release|x86
		{CE9604F1-55BF-476B-810A-3B118B9AFE27}.Release|iPhoneSimulator.ActiveCfg = Release|x86
		{CE9604F1-55BF-476B-810A-3B118B9AFE27}.Release|iPhoneSimulator.Build.0 = Release|x86
		{CE9604F1-55BF-476B-810A-3B118B9AFE27}.Release|iPhoneSimulator.Deploy.0 = Release|x86
		{CE9604F1-55BF-476B-810A-3B118B9AFE27}.Release|x64.ActiveCfg = Release|x64
		{CE9604F1-55BF-476B-810A-3B118B9AFE27}.Release|x64.Build.0 = Release|x64
		{CE9604F1-55BF-476B-810A-3B118B9AFE27}.Release|x64.Deploy.0 = Release|x64
		{CE9604F1-55BF-476B-810A-3B118B9AFE27}.Release|x86.ActiveCfg = Release|x86
		{CE9604F1-55BF-476B-810A-3B118B9AFE27}.Release|x86.Build.0 = Release|x86
		{CE9604F1-55BF-476B-810A-3B118B9AFE27}.Release|x86.Deploy.0 = Release|x86
		{CB80C0A2-88E2-4988-9AA0-68D318F385B5}.Debug|Any CPU.ActiveCfg = Debug|Any CPU
		{CB80C0A2-88E2-4988-9AA0-68D318F385B5}.Debug|Any CPU.Build.0 = Debug|Any CPU
		{CB80C0A2-88E2-4988-9AA0-68D318F385B5}.Debug|Any CPU.Deploy.0 = Debug|Any CPU
		{CB80C0A2-88E2-4988-9AA0-68D318F385B5}.Debug|ARM.ActiveCfg = Debug|Any CPU
		{CB80C0A2-88E2-4988-9AA0-68D318F385B5}.Debug|ARM.Build.0 = Debug|Any CPU
		{CB80C0A2-88E2-4988-9AA0-68D318F385B5}.Debug|ARM.Deploy.0 = Debug|Any CPU
		{CB80C0A2-88E2-4988-9AA0-68D318F385B5}.Debug|iPhone.ActiveCfg = Debug|Any CPU
		{CB80C0A2-88E2-4988-9AA0-68D318F385B5}.Debug|iPhone.Build.0 = Debug|Any CPU
		{CB80C0A2-88E2-4988-9AA0-68D318F385B5}.Debug|iPhone.Deploy.0 = Debug|Any CPU
		{CB80C0A2-88E2-4988-9AA0-68D318F385B5}.Debug|iPhoneSimulator.ActiveCfg = Debug|Any CPU
		{CB80C0A2-88E2-4988-9AA0-68D318F385B5}.Debug|iPhoneSimulator.Build.0 = Debug|Any CPU
		{CB80C0A2-88E2-4988-9AA0-68D318F385B5}.Debug|iPhoneSimulator.Deploy.0 = Debug|Any CPU
		{CB80C0A2-88E2-4988-9AA0-68D318F385B5}.Debug|x64.ActiveCfg = Debug|Any CPU
		{CB80C0A2-88E2-4988-9AA0-68D318F385B5}.Debug|x64.Build.0 = Debug|Any CPU
		{CB80C0A2-88E2-4988-9AA0-68D318F385B5}.Debug|x64.Deploy.0 = Debug|Any CPU
		{CB80C0A2-88E2-4988-9AA0-68D318F385B5}.Debug|x86.ActiveCfg = Debug|Any CPU
		{CB80C0A2-88E2-4988-9AA0-68D318F385B5}.Debug|x86.Build.0 = Debug|Any CPU
		{CB80C0A2-88E2-4988-9AA0-68D318F385B5}.Debug|x86.Deploy.0 = Debug|Any CPU
		{CB80C0A2-88E2-4988-9AA0-68D318F385B5}.Release|Any CPU.ActiveCfg = Release|Any CPU
		{CB80C0A2-88E2-4988-9AA0-68D318F385B5}.Release|Any CPU.Build.0 = Release|Any CPU
		{CB80C0A2-88E2-4988-9AA0-68D318F385B5}.Release|Any CPU.Deploy.0 = Release|Any CPU
		{CB80C0A2-88E2-4988-9AA0-68D318F385B5}.Release|ARM.ActiveCfg = Release|Any CPU
		{CB80C0A2-88E2-4988-9AA0-68D318F385B5}.Release|ARM.Build.0 = Release|Any CPU
		{CB80C0A2-88E2-4988-9AA0-68D318F385B5}.Release|ARM.Deploy.0 = Release|Any CPU
		{CB80C0A2-88E2-4988-9AA0-68D318F385B5}.Release|iPhone.ActiveCfg = Release|Any CPU
		{CB80C0A2-88E2-4988-9AA0-68D318F385B5}.Release|iPhone.Build.0 = Release|Any CPU
		{CB80C0A2-88E2-4988-9AA0-68D318F385B5}.Release|iPhone.Deploy.0 = Release|Any CPU
		{CB80C0A2-88E2-4988-9AA0-68D318F385B5}.Release|iPhoneSimulator.ActiveCfg = Release|Any CPU
		{CB80C0A2-88E2-4988-9AA0-68D318F385B5}.Release|iPhoneSimulator.Build.0 = Release|Any CPU
		{CB80C0A2-88E2-4988-9AA0-68D318F385B5}.Release|iPhoneSimulator.Deploy.0 = Release|Any CPU
		{CB80C0A2-88E2-4988-9AA0-68D318F385B5}.Release|x64.ActiveCfg = Release|Any CPU
		{CB80C0A2-88E2-4988-9AA0-68D318F385B5}.Release|x64.Build.0 = Release|Any CPU
		{CB80C0A2-88E2-4988-9AA0-68D318F385B5}.Release|x64.Deploy.0 = Release|Any CPU
		{CB80C0A2-88E2-4988-9AA0-68D318F385B5}.Release|x86.ActiveCfg = Release|Any CPU
		{CB80C0A2-88E2-4988-9AA0-68D318F385B5}.Release|x86.Build.0 = Release|Any CPU
		{CB80C0A2-88E2-4988-9AA0-68D318F385B5}.Release|x86.Deploy.0 = Release|Any CPU
		{ABEC3098-E310-43F3-8F87-CE1D4939757D}.Debug|Any CPU.ActiveCfg = Debug|iPhone
		{ABEC3098-E310-43F3-8F87-CE1D4939757D}.Debug|Any CPU.Build.0 = Debug|iPhone
		{ABEC3098-E310-43F3-8F87-CE1D4939757D}.Debug|Any CPU.Deploy.0 = Debug|iPhone
		{ABEC3098-E310-43F3-8F87-CE1D4939757D}.Debug|ARM.ActiveCfg = Debug|iPhoneSimulator
		{ABEC3098-E310-43F3-8F87-CE1D4939757D}.Debug|ARM.Build.0 = Debug|iPhoneSimulator
		{ABEC3098-E310-43F3-8F87-CE1D4939757D}.Debug|ARM.Deploy.0 = Debug|iPhoneSimulator
		{ABEC3098-E310-43F3-8F87-CE1D4939757D}.Debug|iPhone.ActiveCfg = Debug|iPhone
		{ABEC3098-E310-43F3-8F87-CE1D4939757D}.Debug|iPhone.Build.0 = Debug|iPhone
		{ABEC3098-E310-43F3-8F87-CE1D4939757D}.Debug|iPhone.Deploy.0 = Debug|iPhone
		{ABEC3098-E310-43F3-8F87-CE1D4939757D}.Debug|iPhoneSimulator.ActiveCfg = Debug|iPhoneSimulator
		{ABEC3098-E310-43F3-8F87-CE1D4939757D}.Debug|iPhoneSimulator.Build.0 = Debug|iPhoneSimulator
		{ABEC3098-E310-43F3-8F87-CE1D4939757D}.Debug|iPhoneSimulator.Deploy.0 = Debug|iPhoneSimulator
		{ABEC3098-E310-43F3-8F87-CE1D4939757D}.Debug|x64.ActiveCfg = Debug|iPhone
		{ABEC3098-E310-43F3-8F87-CE1D4939757D}.Debug|x64.Build.0 = Debug|iPhone
		{ABEC3098-E310-43F3-8F87-CE1D4939757D}.Debug|x64.Deploy.0 = Debug|iPhone
		{ABEC3098-E310-43F3-8F87-CE1D4939757D}.Debug|x86.ActiveCfg = Debug|iPhone
		{ABEC3098-E310-43F3-8F87-CE1D4939757D}.Debug|x86.Build.0 = Debug|iPhone
		{ABEC3098-E310-43F3-8F87-CE1D4939757D}.Debug|x86.Deploy.0 = Debug|iPhone
		{ABEC3098-E310-43F3-8F87-CE1D4939757D}.Release|Any CPU.ActiveCfg = Release|iPhone
		{ABEC3098-E310-43F3-8F87-CE1D4939757D}.Release|Any CPU.Build.0 = Release|iPhone
		{ABEC3098-E310-43F3-8F87-CE1D4939757D}.Release|Any CPU.Deploy.0 = Release|iPhone
		{ABEC3098-E310-43F3-8F87-CE1D4939757D}.Release|ARM.ActiveCfg = Release|iPhone
		{ABEC3098-E310-43F3-8F87-CE1D4939757D}.Release|ARM.Build.0 = Release|iPhone
		{ABEC3098-E310-43F3-8F87-CE1D4939757D}.Release|ARM.Deploy.0 = Release|iPhone
		{ABEC3098-E310-43F3-8F87-CE1D4939757D}.Release|iPhone.ActiveCfg = Release|iPhone
		{ABEC3098-E310-43F3-8F87-CE1D4939757D}.Release|iPhone.Build.0 = Release|iPhone
		{ABEC3098-E310-43F3-8F87-CE1D4939757D}.Release|iPhone.Deploy.0 = Release|iPhone
		{ABEC3098-E310-43F3-8F87-CE1D4939757D}.Release|iPhoneSimulator.ActiveCfg = Release|iPhoneSimulator
		{ABEC3098-E310-43F3-8F87-CE1D4939757D}.Release|iPhoneSimulator.Build.0 = Release|iPhoneSimulator
		{ABEC3098-E310-43F3-8F87-CE1D4939757D}.Release|iPhoneSimulator.Deploy.0 = Release|iPhoneSimulator
		{ABEC3098-E310-43F3-8F87-CE1D4939757D}.Release|x64.ActiveCfg = Release|iPhone
		{ABEC3098-E310-43F3-8F87-CE1D4939757D}.Release|x64.Build.0 = Release|iPhone
		{ABEC3098-E310-43F3-8F87-CE1D4939757D}.Release|x64.Deploy.0 = Release|iPhone
		{ABEC3098-E310-43F3-8F87-CE1D4939757D}.Release|x86.ActiveCfg = Release|iPhone
		{ABEC3098-E310-43F3-8F87-CE1D4939757D}.Release|x86.Build.0 = Release|iPhone
		{ABEC3098-E310-43F3-8F87-CE1D4939757D}.Release|x86.Deploy.0 = Release|iPhone
		{A030BC81-4181-44FB-87E4-B18F1BBD1D0B}.Debug|Any CPU.ActiveCfg = Debug|Any CPU
		{A030BC81-4181-44FB-87E4-B18F1BBD1D0B}.Debug|Any CPU.Build.0 = Debug|Any CPU
		{A030BC81-4181-44FB-87E4-B18F1BBD1D0B}.Debug|Any CPU.Deploy.0 = Debug|Any CPU
		{A030BC81-4181-44FB-87E4-B18F1BBD1D0B}.Debug|ARM.ActiveCfg = Debug|Any CPU
		{A030BC81-4181-44FB-87E4-B18F1BBD1D0B}.Debug|ARM.Build.0 = Debug|Any CPU
		{A030BC81-4181-44FB-87E4-B18F1BBD1D0B}.Debug|ARM.Deploy.0 = Debug|Any CPU
		{A030BC81-4181-44FB-87E4-B18F1BBD1D0B}.Debug|iPhone.ActiveCfg = Debug|Any CPU
		{A030BC81-4181-44FB-87E4-B18F1BBD1D0B}.Debug|iPhone.Build.0 = Debug|Any CPU
		{A030BC81-4181-44FB-87E4-B18F1BBD1D0B}.Debug|iPhone.Deploy.0 = Debug|Any CPU
		{A030BC81-4181-44FB-87E4-B18F1BBD1D0B}.Debug|iPhoneSimulator.ActiveCfg = Debug|Any CPU
		{A030BC81-4181-44FB-87E4-B18F1BBD1D0B}.Debug|iPhoneSimulator.Build.0 = Debug|Any CPU
		{A030BC81-4181-44FB-87E4-B18F1BBD1D0B}.Debug|iPhoneSimulator.Deploy.0 = Debug|Any CPU
		{A030BC81-4181-44FB-87E4-B18F1BBD1D0B}.Debug|x64.ActiveCfg = Debug|Any CPU
		{A030BC81-4181-44FB-87E4-B18F1BBD1D0B}.Debug|x64.Build.0 = Debug|Any CPU
		{A030BC81-4181-44FB-87E4-B18F1BBD1D0B}.Debug|x64.Deploy.0 = Debug|Any CPU
		{A030BC81-4181-44FB-87E4-B18F1BBD1D0B}.Debug|x86.ActiveCfg = Debug|Any CPU
		{A030BC81-4181-44FB-87E4-B18F1BBD1D0B}.Debug|x86.Build.0 = Debug|Any CPU
		{A030BC81-4181-44FB-87E4-B18F1BBD1D0B}.Debug|x86.Deploy.0 = Debug|Any CPU
		{A030BC81-4181-44FB-87E4-B18F1BBD1D0B}.Release|Any CPU.ActiveCfg = Release|Any CPU
		{A030BC81-4181-44FB-87E4-B18F1BBD1D0B}.Release|Any CPU.Build.0 = Release|Any CPU
		{A030BC81-4181-44FB-87E4-B18F1BBD1D0B}.Release|Any CPU.Deploy.0 = Release|Any CPU
		{A030BC81-4181-44FB-87E4-B18F1BBD1D0B}.Release|ARM.ActiveCfg = Release|Any CPU
		{A030BC81-4181-44FB-87E4-B18F1BBD1D0B}.Release|ARM.Build.0 = Release|Any CPU
		{A030BC81-4181-44FB-87E4-B18F1BBD1D0B}.Release|ARM.Deploy.0 = Release|Any CPU
		{A030BC81-4181-44FB-87E4-B18F1BBD1D0B}.Release|iPhone.ActiveCfg = Release|Any CPU
		{A030BC81-4181-44FB-87E4-B18F1BBD1D0B}.Release|iPhone.Build.0 = Release|Any CPU
		{A030BC81-4181-44FB-87E4-B18F1BBD1D0B}.Release|iPhone.Deploy.0 = Release|Any CPU
		{A030BC81-4181-44FB-87E4-B18F1BBD1D0B}.Release|iPhoneSimulator.ActiveCfg = Release|Any CPU
		{A030BC81-4181-44FB-87E4-B18F1BBD1D0B}.Release|iPhoneSimulator.Build.0 = Release|Any CPU
		{A030BC81-4181-44FB-87E4-B18F1BBD1D0B}.Release|iPhoneSimulator.Deploy.0 = Release|Any CPU
		{A030BC81-4181-44FB-87E4-B18F1BBD1D0B}.Release|x64.ActiveCfg = Release|Any CPU
		{A030BC81-4181-44FB-87E4-B18F1BBD1D0B}.Release|x64.Build.0 = Release|Any CPU
		{A030BC81-4181-44FB-87E4-B18F1BBD1D0B}.Release|x64.Deploy.0 = Release|Any CPU
		{A030BC81-4181-44FB-87E4-B18F1BBD1D0B}.Release|x86.ActiveCfg = Release|Any CPU
		{A030BC81-4181-44FB-87E4-B18F1BBD1D0B}.Release|x86.Build.0 = Release|Any CPU
		{A030BC81-4181-44FB-87E4-B18F1BBD1D0B}.Release|x86.Deploy.0 = Release|Any CPU
	EndGlobalSection
	GlobalSection(SolutionProperties) = preSolution
		HideSolutionNode = FALSE
	EndGlobalSection
	GlobalSection(ExtensibilityGlobals) = postSolution
		SolutionGuid = {D97C213B-35A8-41C4-9168-F636F2E1027D}
	EndGlobalSection
EndGlobal
