
Microsoft Visual Studio Solution File, Format Version 12.00
# Visual Studio Version 16
VisualStudioVersion = 16.0.30611.23
MinimumVisualStudioVersion = 10.0.40219.1
Project("{FAE04EC0-301F-11D3-BF4B-00C04F79EFBC}") = "Lab", "Lab\Lab.csproj", "{F8CE395D-F21B-401B-978A-2ED5AE812DEE}"
EndProject
Global
	GlobalSection(SolutionConfigurationPlatforms) = preSolution
		Debug|Any CPU = Debug|Any CPU
		Release|Any CPU = Release|Any CPU
	EndGlobalSection
	GlobalSection(ProjectConfigurationPlatforms) = postSolution
		{F8CE395D-F21B-401B-978A-2ED5AE812DEE}.Debug|Any CPU.ActiveCfg = Debug|Any CPU
		{F8CE395D-F21B-401B-978A-2ED5AE812DEE}.Debug|Any CPU.Build.0 = Debug|Any CPU
		{F8CE395D-F21B-401B-978A-2ED5AE812DEE}.Release|Any CPU.ActiveCfg = Release|Any CPU
		{F8CE395D-F21B-401B-978A-2ED5AE812DEE}.Release|Any CPU.Build.0 = Release|Any CPU
	EndGlobalSection
	GlobalSection(SolutionProperties) = preSolution
		HideSolutionNode = FALSE
	EndGlobalSection
	GlobalSection(ExtensibilityGlobals) = postSolution
		SolutionGuid = {40465EA3-0543-4484-95A7-FC5E886F8B63}
	EndGlobalSection
EndGlobal
